
Microsoft Visual Studio Solution File, Format Version 12.00
# Visual Studio Version 17
VisualStudioVersion = 17.9.34728.123
MinimumVisualStudioVersion = 10.0.40219.1
Project("{FAE04EC0-301F-11D3-BF4B-00C04F79EFBC}") = "TestIq", "TestIq\TestIq.csproj", "{B466398D-AAF2-440B-9B9C-F1EA18189FF6}"
EndProject
Global
	GlobalSection(SolutionConfigurationPlatforms) = preSolution
		Debug|Any CPU = Debug|Any CPU
		Release|Any CPU = Release|Any CPU
	EndGlobalSection
	GlobalSection(ProjectConfigurationPlatforms) = postSolution
		{B466398D-AAF2-440B-9B9C-F1EA18189FF6}.Debug|Any CPU.ActiveCfg = Debug|Any CPU
		{B466398D-AAF2-440B-9B9C-F1EA18189FF6}.Debug|Any CPU.Build.0 = Debug|Any CPU
		{B466398D-AAF2-440B-9B9C-F1EA18189FF6}.Release|Any CPU.ActiveCfg = Release|Any CPU
		{B466398D-AAF2-440B-9B9C-F1EA18189FF6}.Release|Any CPU.Build.0 = Release|Any CPU
	EndGlobalSection
	GlobalSection(SolutionProperties) = preSolution
		HideSolutionNode = FALSE
	EndGlobalSection
	GlobalSection(ExtensibilityGlobals) = postSolution
		SolutionGuid = {B977AD1B-C624-477E-A2A2-E5D6499797B3}
	EndGlobalSection
EndGlobal
